schema: vela.frontier_lock.v0.1
generated_at: 2026-07-19T14:27:21.711465+00:00
vela_version: 0.910.0-rc.1
frontier_id: vfr_496956067dc5ad79
canonicalization:
  json: vela-canonical-json-v0.1
  yaml: vela-yaml-v0.1
reducer:
  package: vela@0.910.0-rc.1
  digest: sha256:d8eafe1367988f3b80a34ca258077094a589f20ce607636e4c3166416d38bc78
verifiers:
  package: vela-verify@0.910.0-rc.1
  digest: sha256:cdae0c8a97726b9d2e2ab870ba31b2048ec3cd8d089c04cb2caadf48e3997535
  kinds:
  - sidon
snapshot_hash: sha256:5c9085bc5886d86eb33fe81a83e8257c7d500d7883f3bee19b792bad0baa02bb
event_log_hash: sha256:f063218142b0995179f751036108c94e7f368eb257be31e6807a36121f7a13aa
proposal_state_hash: sha256:9b626fb5f0c611d42a248686c4ad934e539e598f25e9679b5df8c0cbde029a65
sources_hash: sha256:cd786a26b7e4ad047374953d7258cb54c4741709a27ff37b63392e3b07633762
artifacts_hash: sha256:d76f3492e6ae88f6d3b6ca749f887f8500994ca364a6cfa62a26de1ca4fea70d
review_hash: sha256:6d6b1b84bfe7cb32ecb261b27ea3f99194e4f460bdb39ce83c92b86fd1a8759d
proof_freshness: fresh
proof:
  latest: proof/latest.json
  digest: sha256:a2706127630b1057084565462061688e29fc06de623c53b977fe74b815fc4a1c
  freshness: fresh
  events_manifest: proof/events.manifest.jsonl
  replay_trace: proof/replay.trace.jsonl
paths:
  frontier: frontier.json
  events: .vela/events/
