schema: vela.frontier_lock.v0.1
generated_at: 2026-07-06T04:33:45Z
vela_version: 0.756.0
carina_kernel: carina@0.1.0
frontier_id: vfr_496956067dc5ad79
canonicalization:
  json: vela-canonical-json-v0.1
  yaml: vela-yaml-v0.1
reducer:
  package: vela@0.756.0
  digest: sha256:db24500ffcdf58b70153be446653dcb7b1fdeb6e09e390281d49e9d671c460f8
verifiers:
  package: vela-verify@0.756.0
  digest: sha256:f9ffcebe37f008e3897d12df17729e624325270e2a5f95b088c96e0dc4f84f02
  kinds:
  - sidon
carina:
  kernel: carina@0.1.0
  digest: sha256:2de6244bc3c695cd83adf7d17fd9c52b6586ce060874b37814cc35aff340d5ee
snapshot_hash: sha256:6239652cd07a34bdf0aaf7a19398b61fea2942db3bde83bcc659489cbe864eb4
event_log_hash: sha256:8a58f1ed851d0d6de32e07d72395369ea7d96d858bd27187568d900ed462bdd1
proposal_state_hash: sha256:c874064a642a3ce7c4aef6add3a6992b2f00088aadd228b59e42fd1fd5525712
sources_hash: sha256:cd786a26b7e4ad047374953d7258cb54c4741709a27ff37b63392e3b07633762
artifacts_hash: sha256:a62c55090a123be5dbe03f014b2d8222d9d15667c33657b253fb0bfc3a6ba047
review_hash: sha256:6d6b1b84bfe7cb32ecb261b27ea3f99194e4f460bdb39ce83c92b86fd1a8759d
proof_freshness: fresh
proof:
  latest: proof/latest.json
  digest: sha256:1b358b030cbd382a5e356093c6bd86089f6bbdf93582431fd9d20f7f2195a3c0
  freshness: fresh
  events_manifest: proof/events.manifest.jsonl
  replay_trace: proof/replay.trace.jsonl
paths:
  frontier: frontier.json
  events: .vela/events/
