schema: vela.frontier_lock.v1
generated_at: 2026-07-25T21:55:38Z
vela_version: 0.930.0-rc.7
frontier_id: vfr_496956067dc5ad79
profile_root: sha256:001be8344df27d2a16254b40380d20670a64c9d10618340129fbbb3d9645e8f1
identity_root: sha256:7f9188e19b55727db2855533e033483b29e1c345a8a0ed03fd190ea54ec0e871
dependency_root: sha256:4f53cda18c2baa0c0354bb5f9a3ecbe5ed12ab4d8e11ba873c2f11161202b945
scientific_state_root: sha256:ff5a5810d1a173a67253ac2cf509cfb3518cb7fc0b99c840387a8a4d5fe879b6
legacy_snapshot_root: sha256:206548cfbf1a8403dfb35f7abdeb48c6a768612de3ae3b08243207af67126fc0
event_log_root: sha256:ed8ab0d6aeeadf8f4cef7f4dc06c4a451a268b8e04379173e96bc17a6eac22b0
event_count: 108
proposal_root: sha256:c0908b306b5b6bc022ce4355f630215ea203a8c8b47072e62bc325e3de57ef22
canonicalization:
  json: vela-canonical-json-v0.1
  yaml: vela-yaml-v0.1
reducer:
  package: vela@0.930.0-rc.7
  digest: sha256:360246df4ad38aa46a6d9ee155724fd72f806de039316c5c1fdb380f4481d20b
verifiers:
  package: vela-verify@0.930.0-rc.7
  digest: sha256:81d2863ccf3db1c4e0e588d4572bedd5e7b3fb9902074b741a1a04daf43e85bc
  kinds:
  - sidon
sources_hash: sha256:cd786a26b7e4ad047374953d7258cb54c4741709a27ff37b63392e3b07633762
artifacts_hash: sha256:f965ef1ac47657eed6214ec28dedd971a751d17245e3b00f52f7d77f97de0518
review_hash: sha256:6d6b1b84bfe7cb32ecb261b27ea3f99194e4f460bdb39ce83c92b86fd1a8759d
proof_freshness: fresh
proof:
  latest: proof/latest.json
  digest: sha256:5275bb79a84917930e26972fe590fac409323325a4987876885df2ed0c68b278
  freshness: fresh
  events_manifest: proof/events.manifest.jsonl
  replay_trace: proof/replay.trace.jsonl
paths:
  frontier: frontier.json
  events: .vela/events/
dependencies: []
